
Microsoft Visual Studio Solution File, Format Version 12.00
# Visual Studio Version 17
VisualStudioVersion = 17.7.34221.43
MinimumVisualStudioVersion = 10.0.40219.1
Project("{FAE04EC0-301F-11D3-BF4B-00C04F79EFBC}") = "GitHubBlueSkyBashPractice", "GitHubBlueSkyBashPractice\GitHubBlueSkyBashPractice.csproj", "{64DEF658-34B2-43AA-9187-F1753FF0AEC3}"
EndProject
Global
	GlobalSection(SolutionConfigurationPlatforms) = preSolution
		Debug|Any CPU = Debug|Any CPU
		Release|Any CPU = Release|Any CPU
	EndGlobalSection
	GlobalSection(ProjectConfigurationPlatforms) = postSolution
		{64DEF658-34B2-43AA-9187-F1753FF0AEC3}.Debug|Any CPU.ActiveCfg = Debug|Any CPU
		{64DEF658-34B2-43AA-9187-F1753FF0AEC3}.Debug|Any CPU.Build.0 = Debug|Any CPU
		{64DEF658-34B2-43AA-9187-F1753FF0AEC3}.Release|Any CPU.ActiveCfg = Release|Any CPU
		{64DEF658-34B2-43AA-9187-F1753FF0AEC3}.Release|Any CPU.Build.0 = Release|Any CPU
	EndGlobalSection
	GlobalSection(SolutionProperties) = preSolution
		HideSolutionNode = FALSE
	EndGlobalSection
	GlobalSection(ExtensibilityGlobals) = postSolution
		SolutionGuid = {B349A721-AD93-4A55-97E7-197F3178E57E}
	EndGlobalSection
EndGlobal
